
Microsoft Visual Studio Solution File, Format Version 12.00
# Visual Studio Version 17
VisualStudioVersion = 17.0.32112.339
MinimumVisualStudioVersion = 10.0.40219.1
Project("{9A19103F-16F7-4668-BE54-9A1E7A4F7556}") = "Dallus", "Dallus\Dallus.csproj", "{4C736182-AE38-48E6-B115-A7E65937A69D}"
EndProject
Project("{9A19103F-16F7-4668-BE54-9A1E7A4F7556}") = "Tests.Dallus", "Tests.Dallus\Tests.Dallus.csproj", "{AB95A166-B10C-40A0-A545-0CB0D0A685DA}"
EndProject
Project("{9A19103F-16F7-4668-BE54-9A1E7A4F7556}") = "SqlLambda", "SqlLambda\SqlLambda.csproj", "{5CAF0441-0F9E-4470-977F-DF613EBEA414}"
EndProject
Project("{9A19103F-16F7-4668-BE54-9A1E7A4F7556}") = "XDemo", "XDemo\XDemo.csproj", "{ABBEDFE6-FAE5-4523-B8D5-2226E24BF01C}"
EndProject
Project("{9A19103F-16F7-4668-BE54-9A1E7A4F7556}") = "XDemoDI", "XDemoDI\XDemoDI.csproj", "{B54D6F42-7A94-4DF0-ADD1-1E3E9A58664E}"
EndProject
Project("{2150E333-8FDC-42A3-9474-1A3956D46DE8}") = "NugetOut", "NugetOut", "{9546A1B1-58D8-43F7-9D11-DDE23AFA65F6}"
EndProject
Global
	GlobalSection(SolutionConfigurationPlatforms) = preSolution
		Debug|Any CPU = Debug|Any CPU
		Release|Any CPU = Release|Any CPU
	EndGlobalSection
	GlobalSection(ProjectConfigurationPlatforms) = postSolution
		{4C736182-AE38-48E6-B115-A7E65937A69D}.Debug|Any CPU.ActiveCfg = Debug|Any CPU
		{4C736182-AE38-48E6-B115-A7E65937A69D}.Debug|Any CPU.Build.0 = Debug|Any CPU
		{4C736182-AE38-48E6-B115-A7E65937A69D}.Release|Any CPU.ActiveCfg = Release|Any CPU
		{4C736182-AE38-48E6-B115-A7E65937A69D}.Release|Any CPU.Build.0 = Release|Any CPU
		{AB95A166-B10C-40A0-A545-0CB0D0A685DA}.Debug|Any CPU.ActiveCfg = Debug|Any CPU
		{AB95A166-B10C-40A0-A545-0CB0D0A685DA}.Debug|Any CPU.Build.0 = Debug|Any CPU
		{AB95A166-B10C-40A0-A545-0CB0D0A685DA}.Release|Any CPU.ActiveCfg = Release|Any CPU
		{AB95A166-B10C-40A0-A545-0CB0D0A685DA}.Release|Any CPU.Build.0 = Release|Any CPU
		{5CAF0441-0F9E-4470-977F-DF613EBEA414}.Debug|Any CPU.ActiveCfg = Debug|Any CPU
		{5CAF0441-0F9E-4470-977F-DF613EBEA414}.Debug|Any CPU.Build.0 = Debug|Any CPU
		{5CAF0441-0F9E-4470-977F-DF613EBEA414}.Release|Any CPU.ActiveCfg = Release|Any CPU
		{5CAF0441-0F9E-4470-977F-DF613EBEA414}.Release|Any CPU.Build.0 = Release|Any CPU
		{ABBEDFE6-FAE5-4523-B8D5-2226E24BF01C}.Debug|Any CPU.ActiveCfg = Debug|Any CPU
		{ABBEDFE6-FAE5-4523-B8D5-2226E24BF01C}.Debug|Any CPU.Build.0 = Debug|Any CPU
		{ABBEDFE6-FAE5-4523-B8D5-2226E24BF01C}.Release|Any CPU.ActiveCfg = Release|Any CPU
		{ABBEDFE6-FAE5-4523-B8D5-2226E24BF01C}.Release|Any CPU.Build.0 = Release|Any CPU
		{B54D6F42-7A94-4DF0-ADD1-1E3E9A58664E}.Debug|Any CPU.ActiveCfg = Debug|Any CPU
		{B54D6F42-7A94-4DF0-ADD1-1E3E9A58664E}.Debug|Any CPU.Build.0 = Debug|Any CPU
		{B54D6F42-7A94-4DF0-ADD1-1E3E9A58664E}.Release|Any CPU.ActiveCfg = Release|Any CPU
		{B54D6F42-7A94-4DF0-ADD1-1E3E9A58664E}.Release|Any CPU.Build.0 = Release|Any CPU
	EndGlobalSection
	GlobalSection(SolutionProperties) = preSolution
		HideSolutionNode = FALSE
	EndGlobalSection
	GlobalSection(ExtensibilityGlobals) = postSolution
		SolutionGuid = {0D7A8F57-D257-4E70-8775-4BC50B5A4AA0}
	EndGlobalSection
EndGlobal
